{
    "version": 3,
    "terraform_version": "0.11.3",
    "serial": 2,
    "lineage": "af8d04b9-92b2-445e-b7e1-a589d2c6afbe",
    "modules": [
        {
            "path": [
                "root"
            ],
            "outputs": {
                "ELB": {
                    "sensitive": false,
                    "type": "string",
                    "value": "my-elb-2088913728.eu-west-1.elb.amazonaws.com"
                }
            },
            "resources": {
                "aws_autoscaling_group.example-autoscaling": {
                    "type": "aws_autoscaling_group",
                    "depends_on": [
                        "aws_elb.my-elb",
                        "aws_launch_configuration.example-launchconfig",
                        "aws_subnet.main-public-1",
                        "aws_subnet.main-public-2"
                    ],
                    "primary": {
                        "id": "example-autoscaling",
                        "attributes": {
                            "arn": "arn:aws:autoscaling:eu-west-1:666137335238:autoScalingGroup:c55532ab-3bfd-4928-a939-4142cc20fcb8:autoScalingGroupName/example-autoscaling",
                            "availability_zones.#": "2",
                            "availability_zones.1924028850": "eu-west-1b",
                            "availability_zones.3953592328": "eu-west-1a",
                            "default_cooldown": "300",
                            "desired_capacity": "2",
                            "enabled_metrics.#": "0",
                            "force_delete": "true",
                            "health_check_grace_period": "300",
                            "health_check_type": "ELB",
                            "id": "example-autoscaling",
                            "launch_configuration": "example-launchconfig20180716004426534800000001",
                            "launch_template.#": "0",
                            "load_balancers.#": "1",
                            "load_balancers.2279236974": "my-elb",
                            "max_size": "3",
                            "metrics_granularity": "1Minute",
                            "min_size": "2",
                            "name": "example-autoscaling",
                            "placement_group": "",
                            "protect_from_scale_in": "false",
                            "service_linked_role_arn": "arn:aws:iam::666137335238:role/aws-service-role/autoscaling.amazonaws.com/AWSServiceRoleForAutoScaling",
                            "suspended_processes.#": "0",
                            "tag.#": "1",
                            "tag.1408005840.key": "Name",
                            "tag.1408005840.propagate_at_launch": "true",
                            "tag.1408005840.value": "ec2 instance",
                            "target_group_arns.#": "0",
                            "termination_policies.#": "0",
                            "vpc_zone_identifier.#": "2",
                            "vpc_zone_identifier.1723594136": "subnet-cbef61ad",
                            "vpc_zone_identifier.4107216101": "subnet-1657c95e",
                            "wait_for_capacity_timeout": "10m"
                        },
                        "meta": {
                            "e2bfb730-ecaa-11e6-8f88-34363bc7c4c0": {
                                "delete": 600000000000
                            }
                        },
                        "tainted": false
                    },
                    "deposed": [],
                    "provider": "provider.aws"
                },
                "aws_elb.my-elb": {
                    "type": "aws_elb",
                    "depends_on": [
                        "aws_security_group.elb-securitygroup",
                        "aws_subnet.main-public-1",
                        "aws_subnet.main-public-2"
                    ],
                    "primary": {
                        "id": "my-elb",
                        "attributes": {
                            "access_logs.#": "0",
                            "arn": "arn:aws:elasticloadbalancing:eu-west-1:666137335238:loadbalancer/my-elb",
                            "availability_zones.#": "2",
                            "availability_zones.1924028850": "eu-west-1b",
                            "availability_zones.3953592328": "eu-west-1a",
                            "connection_draining": "true",
                            "connection_draining_timeout": "400",
                            "cross_zone_load_balancing": "true",
                            "dns_name": "my-elb-2088913728.eu-west-1.elb.amazonaws.com",
                            "health_check.#": "1",
                            "health_check.0.healthy_threshold": "2",
                            "health_check.0.interval": "30",
                            "health_check.0.target": "HTTP:80/",
                            "health_check.0.timeout": "3",
                            "health_check.0.unhealthy_threshold": "2",
                            "id": "my-elb",
                            "idle_timeout": "60",
                            "instances.#": "0",
                            "internal": "false",
                            "listener.#": "1",
                            "listener.3057123346.instance_port": "80",
                            "listener.3057123346.instance_protocol": "http",
                            "listener.3057123346.lb_port": "80",
                            "listener.3057123346.lb_protocol": "http",
                            "listener.3057123346.ssl_certificate_id": "",
                            "name": "my-elb",
                            "security_groups.#": "1",
                            "security_groups.1217327622": "sg-d49648a8",
                            "source_security_group": "666137335238/elb",
                            "source_security_group_id": "sg-d49648a8",
                            "subnets.#": "2",
                            "subnets.1723594136": "subnet-cbef61ad",
                            "subnets.4107216101": "subnet-1657c95e",
                            "tags.%": "1",
                            "tags.Name": "my-elb",
                            "zone_id": "Z32O12XQLNTSW2"
                        },
                        "meta": {},
                        "tainted": false
                    },
                    "deposed": [],
                    "provider": "provider.aws"
                },
                "aws_internet_gateway.main-gw": {
                    "type": "aws_internet_gateway",
                    "depends_on": [
                        "aws_vpc.main"
                    ],
                    "primary": {
                        "id": "igw-a8bcf4cf",
                        "attributes": {
                            "id": "igw-a8bcf4cf",
                            "tags.%": "1",
                            "tags.Name": "main",
                            "vpc_id": "vpc-022e7e64"
                        },
                        "meta": {},
                        "tainted": false
                    },
                    "deposed": [],
                    "provider": "provider.aws"
                },
                "aws_key_pair.mykeypair": {
                    "type": "aws_key_pair",
                    "depends_on": [],
                    "primary": {
                        "id": "mykeypair",
                        "attributes": {
                            "id": "mykeypair",
                            "key_name": "mykeypair",
                            "public_key": "ssh-rsa AAAAB3NzaC1yc2EAAAADAQABAAABAQDG3dBAgilQzUtAAnguNTDTnRnR2kFwlbI4500T5Ai1fJjuDMjX5ShlRGmPun0IYdWdeAitP8VjWy2i5Sycp0WDpG47wX9PAsb3vT28ShgV/M7EIDUviGpJnx0l/BX6hrHbEL0ddK3vEKU5ei+P4voMWNBc3MZV4rjjFi+YeZJqce3cavZkuJeCS3x0QF5dBlRCiR+bVdUYBd0jY+UHpSEdGAm9TCSfneZ0WCHXo9KtwyDZSNULo2hwNmUe7rkDsIbUQ72xuTzkkR4NsKPkPLtSJCQmSS07YPLNQM++W2LaTAdu+FvGViLsprqa6fLyyzp8OrP6Pq6OrPetrkyZ3o8p ahmadjk@Ahmads-MacBook-Air.local"
                        },
                        "meta": {
                            "schema_version": "1"
                        },
                        "tainted": false
                    },
                    "deposed": [],
                    "provider": "provider.aws"
                },
                "aws_launch_configuration.example-launchconfig": {
                    "type": "aws_launch_configuration",
                    "depends_on": [
                        "aws_key_pair.mykeypair",
                        "aws_security_group.myinstance"
                    ],
                    "primary": {
                        "id": "example-launchconfig20180716004426534800000001",
                        "attributes": {
                            "associate_public_ip_address": "false",
                            "ebs_block_device.#": "0",
                            "ebs_optimized": "false",
                            "enable_monitoring": "true",
                            "ephemeral_block_device.#": "0",
                            "iam_instance_profile": "",
                            "id": "example-launchconfig20180716004426534800000001",
                            "image_id": "ami-844e0bf7",
                            "instance_type": "t2.micro",
                            "key_name": "mykeypair",
                            "name": "example-launchconfig20180716004426534800000001",
                            "name_prefix": "example-launchconfig",
                            "root_block_device.#": "0",
                            "security_groups.#": "1",
                            "security_groups.4177249607": "sg-1d8e5061",
                            "spot_price": "",
                            "user_data": "2e1e2d24ef235c85db0c17ab289b8cb2f5c622a4",
                            "vpc_classic_link_id": "",
                            "vpc_classic_link_security_groups.#": "0"
                        },
                        "meta": {},
                        "tainted": false
                    },
                    "deposed": [],
                    "provider": "provider.aws"
                },
                "aws_route_table.main-public": {
                    "type": "aws_route_table",
                    "depends_on": [
                        "aws_internet_gateway.main-gw",
                        "aws_vpc.main"
                    ],
                    "primary": {
                        "id": "rtb-16ed946f",
                        "attributes": {
                            "id": "rtb-16ed946f",
                            "propagating_vgws.#": "0",
                            "route.#": "1",
                            "route.3267382551.cidr_block": "0.0.0.0/0",
                            "route.3267382551.egress_only_gateway_id": "",
                            "route.3267382551.gateway_id": "igw-a8bcf4cf",
                            "route.3267382551.instance_id": "",
                            "route.3267382551.ipv6_cidr_block": "",
                            "route.3267382551.nat_gateway_id": "",
                            "route.3267382551.network_interface_id": "",
                            "route.3267382551.vpc_peering_connection_id": "",
                            "tags.%": "1",
                            "tags.Name": "main-public-1",
                            "vpc_id": "vpc-022e7e64"
                        },
                        "meta": {},
                        "tainted": false
                    },
                    "deposed": [],
                    "provider": "provider.aws"
                },
                "aws_route_table_association.main-public-1-a": {
                    "type": "aws_route_table_association",
                    "depends_on": [
                        "aws_route_table.main-public",
                        "aws_subnet.main-public-1"
                    ],
                    "primary": {
                        "id": "rtbassoc-24b3745f",
                        "attributes": {
                            "id": "rtbassoc-24b3745f",
                            "route_table_id": "rtb-16ed946f",
                            "subnet_id": "subnet-cbef61ad"
                        },
                        "meta": {},
                        "tainted": false
                    },
                    "deposed": [],
                    "provider": "provider.aws"
                },
                "aws_route_table_association.main-public-2-a": {
                    "type": "aws_route_table_association",
                    "depends_on": [
                        "aws_route_table.main-public",
                        "aws_subnet.main-public-2"
                    ],
                    "primary": {
                        "id": "rtbassoc-bab374c1",
                        "attributes": {
                            "id": "rtbassoc-bab374c1",
                            "route_table_id": "rtb-16ed946f",
                            "subnet_id": "subnet-1657c95e"
                        },
                        "meta": {},
                        "tainted": false
                    },
                    "deposed": [],
                    "provider": "provider.aws"
                },
                "aws_route_table_association.main-public-3-a": {
                    "type": "aws_route_table_association",
                    "depends_on": [
                        "aws_route_table.main-public",
                        "aws_subnet.main-public-3"
                    ],
                    "primary": {
                        "id": "rtbassoc-61ac6b1a",
                        "attributes": {
                            "id": "rtbassoc-61ac6b1a",
                            "route_table_id": "rtb-16ed946f",
                            "subnet_id": "subnet-84da12de"
                        },
                        "meta": {},
                        "tainted": false
                    },
                    "deposed": [],
                    "provider": "provider.aws"
                },
                "aws_security_group.elb-securitygroup": {
                    "type": "aws_security_group",
                    "depends_on": [
                        "aws_vpc.main"
                    ],
                    "primary": {
                        "id": "sg-d49648a8",
                        "attributes": {
                            "arn": "arn:aws:ec2:eu-west-1:666137335238:security-group/sg-d49648a8",
                            "description": "security group for load balancer",
                            "egress.#": "1",
                            "egress.482069346.cidr_blocks.#": "1",
                            "egress.482069346.cidr_blocks.0": "0.0.0.0/0",
                            "egress.482069346.description": "",
                            "egress.482069346.from_port": "0",
                            "egress.482069346.ipv6_cidr_blocks.#": "0",
                            "egress.482069346.prefix_list_ids.#": "0",
                            "egress.482069346.protocol": "-1",
                            "egress.482069346.security_groups.#": "0",
                            "egress.482069346.self": "false",
                            "egress.482069346.to_port": "0",
                            "id": "sg-d49648a8",
                            "ingress.#": "1",
                            "ingress.2214680975.cidr_blocks.#": "1",
                            "ingress.2214680975.cidr_blocks.0": "0.0.0.0/0",
                            "ingress.2214680975.description": "",
                            "ingress.2214680975.from_port": "80",
                            "ingress.2214680975.ipv6_cidr_blocks.#": "0",
                            "ingress.2214680975.protocol": "tcp",
                            "ingress.2214680975.security_groups.#": "0",
                            "ingress.2214680975.self": "false",
                            "ingress.2214680975.to_port": "80",
                            "name": "elb",
                            "owner_id": "666137335238",
                            "revoke_rules_on_delete": "false",
                            "tags.%": "1",
                            "tags.Name": "elb",
                            "vpc_id": "vpc-022e7e64"
                        },
                        "meta": {
                            "e2bfb730-ecaa-11e6-8f88-34363bc7c4c0": {
                                "create": 600000000000,
                                "delete": 600000000000
                            },
                            "schema_version": "1"
                        },
                        "tainted": false
                    },
                    "deposed": [],
                    "provider": "provider.aws"
                },
                "aws_security_group.myinstance": {
                    "type": "aws_security_group",
                    "depends_on": [
                        "aws_security_group.elb-securitygroup",
                        "aws_vpc.main"
                    ],
                    "primary": {
                        "id": "sg-1d8e5061",
                        "attributes": {
                            "arn": "arn:aws:ec2:eu-west-1:666137335238:security-group/sg-1d8e5061",
                            "description": "security group for my instance",
                            "egress.#": "1",
                            "egress.482069346.cidr_blocks.#": "1",
                            "egress.482069346.cidr_blocks.0": "0.0.0.0/0",
                            "egress.482069346.description": "",
                            "egress.482069346.from_port": "0",
                            "egress.482069346.ipv6_cidr_blocks.#": "0",
                            "egress.482069346.prefix_list_ids.#": "0",
                            "egress.482069346.protocol": "-1",
                            "egress.482069346.security_groups.#": "0",
                            "egress.482069346.self": "false",
                            "egress.482069346.to_port": "0",
                            "id": "sg-1d8e5061",
                            "ingress.#": "2",
                            "ingress.2505011056.cidr_blocks.#": "0",
                            "ingress.2505011056.description": "",
                            "ingress.2505011056.from_port": "80",
                            "ingress.2505011056.ipv6_cidr_blocks.#": "0",
                            "ingress.2505011056.protocol": "tcp",
                            "ingress.2505011056.security_groups.#": "1",
                            "ingress.2505011056.security_groups.1217327622": "sg-d49648a8",
                            "ingress.2505011056.self": "false",
                            "ingress.2505011056.to_port": "80",
                            "ingress.2541437006.cidr_blocks.#": "1",
                            "ingress.2541437006.cidr_blocks.0": "0.0.0.0/0",
                            "ingress.2541437006.description": "",
                            "ingress.2541437006.from_port": "22",
                            "ingress.2541437006.ipv6_cidr_blocks.#": "0",
                            "ingress.2541437006.protocol": "tcp",
                            "ingress.2541437006.security_groups.#": "0",
                            "ingress.2541437006.self": "false",
                            "ingress.2541437006.to_port": "22",
                            "name": "myinstance",
                            "owner_id": "666137335238",
                            "revoke_rules_on_delete": "false",
                            "tags.%": "1",
                            "tags.Name": "myinstance",
                            "vpc_id": "vpc-022e7e64"
                        },
                        "meta": {
                            "e2bfb730-ecaa-11e6-8f88-34363bc7c4c0": {
                                "create": 600000000000,
                                "delete": 600000000000
                            },
                            "schema_version": "1"
                        },
                        "tainted": false
                    },
                    "deposed": [],
                    "provider": "provider.aws"
                },
                "aws_subnet.main-private-1": {
                    "type": "aws_subnet",
                    "depends_on": [
                        "aws_vpc.main"
                    ],
                    "primary": {
                        "id": "subnet-7cd55b1a",
                        "attributes": {
                            "assign_ipv6_address_on_creation": "false",
                            "availability_zone": "eu-west-1a",
                            "cidr_block": "10.0.4.0/24",
                            "id": "subnet-7cd55b1a",
                            "map_public_ip_on_launch": "false",
                            "tags.%": "1",
                            "tags.Name": "main-private-1",
                            "vpc_id": "vpc-022e7e64"
                        },
                        "meta": {
                            "schema_version": "1"
                        },
                        "tainted": false
                    },
                    "deposed": [],
                    "provider": "provider.aws"
                },
                "aws_subnet.main-private-2": {
                    "type": "aws_subnet",
                    "depends_on": [
                        "aws_vpc.main"
                    ],
                    "primary": {
                        "id": "subnet-884dd3c0",
                        "attributes": {
                            "assign_ipv6_address_on_creation": "false",
                            "availability_zone": "eu-west-1b",
                            "cidr_block": "10.0.5.0/24",
                            "id": "subnet-884dd3c0",
                            "map_public_ip_on_launch": "false",
                            "tags.%": "1",
                            "tags.Name": "main-private-2",
                            "vpc_id": "vpc-022e7e64"
                        },
                        "meta": {
                            "schema_version": "1"
                        },
                        "tainted": false
                    },
                    "deposed": [],
                    "provider": "provider.aws"
                },
                "aws_subnet.main-private-3": {
                    "type": "aws_subnet",
                    "depends_on": [
                        "aws_vpc.main"
                    ],
                    "primary": {
                        "id": "subnet-66c60e3c",
                        "attributes": {
                            "assign_ipv6_address_on_creation": "false",
                            "availability_zone": "eu-west-1c",
                            "cidr_block": "10.0.6.0/24",
                            "id": "subnet-66c60e3c",
                            "map_public_ip_on_launch": "false",
                            "tags.%": "1",
                            "tags.Name": "main-private-3",
                            "vpc_id": "vpc-022e7e64"
                        },
                        "meta": {
                            "schema_version": "1"
                        },
                        "tainted": false
                    },
                    "deposed": [],
                    "provider": "provider.aws"
                },
                "aws_subnet.main-public-1": {
                    "type": "aws_subnet",
                    "depends_on": [
                        "aws_vpc.main"
                    ],
                    "primary": {
                        "id": "subnet-cbef61ad",
                        "attributes": {
                            "assign_ipv6_address_on_creation": "false",
                            "availability_zone": "eu-west-1a",
                            "cidr_block": "10.0.1.0/24",
                            "id": "subnet-cbef61ad",
                            "map_public_ip_on_launch": "true",
                            "tags.%": "1",
                            "tags.Name": "main-public-1",
                            "vpc_id": "vpc-022e7e64"
                        },
                        "meta": {
                            "schema_version": "1"
                        },
                        "tainted": false
                    },
                    "deposed": [],
                    "provider": "provider.aws"
                },
                "aws_subnet.main-public-2": {
                    "type": "aws_subnet",
                    "depends_on": [
                        "aws_vpc.main"
                    ],
                    "primary": {
                        "id": "subnet-1657c95e",
                        "attributes": {
                            "assign_ipv6_address_on_creation": "false",
                            "availability_zone": "eu-west-1b",
                            "cidr_block": "10.0.2.0/24",
                            "id": "subnet-1657c95e",
                            "map_public_ip_on_launch": "true",
                            "tags.%": "1",
                            "tags.Name": "main-public-2",
                            "vpc_id": "vpc-022e7e64"
                        },
                        "meta": {
                            "schema_version": "1"
                        },
                        "tainted": false
                    },
                    "deposed": [],
                    "provider": "provider.aws"
                },
                "aws_subnet.main-public-3": {
                    "type": "aws_subnet",
                    "depends_on": [
                        "aws_vpc.main"
                    ],
                    "primary": {
                        "id": "subnet-84da12de",
                        "attributes": {
                            "assign_ipv6_address_on_creation": "false",
                            "availability_zone": "eu-west-1c",
                            "cidr_block": "10.0.3.0/24",
                            "id": "subnet-84da12de",
                            "map_public_ip_on_launch": "true",
                            "tags.%": "1",
                            "tags.Name": "main-public-3",
                            "vpc_id": "vpc-022e7e64"
                        },
                        "meta": {
                            "schema_version": "1"
                        },
                        "tainted": false
                    },
                    "deposed": [],
                    "provider": "provider.aws"
                },
                "aws_vpc.main": {
                    "type": "aws_vpc",
                    "depends_on": [],
                    "primary": {
                        "id": "vpc-022e7e64",
                        "attributes": {
                            "assign_generated_ipv6_cidr_block": "false",
                            "cidr_block": "10.0.0.0/16",
                            "default_network_acl_id": "acl-9775beee",
                            "default_route_table_id": "rtb-93e39aea",
                            "default_security_group_id": "sg-d5914fa9",
                            "dhcp_options_id": "dopt-3b88445e",
                            "enable_classiclink": "false",
                            "enable_classiclink_dns_support": "false",
                            "enable_dns_hostnames": "true",
                            "enable_dns_support": "true",
                            "id": "vpc-022e7e64",
                            "instance_tenancy": "default",
                            "main_route_table_id": "rtb-93e39aea",
                            "tags.%": "1",
                            "tags.Name": "main"
                        },
                        "meta": {
                            "schema_version": "1"
                        },
                        "tainted": false
                    },
                    "deposed": [],
                    "provider": "provider.aws"
                }
            },
            "depends_on": []
        }
    ]
}
